// !$*UTF8*$!
{
	archiveVersion = 1;
	classes = {
	};
	objectVersion = 46;
	objects = {

/* Begin PBXBuildFile section */
		7FA62B391DECA326009955ED /* String+Extension.swift in Sources */ = {isa = PBXBuildFile; fileRef = 7FA62B381DECA326009955ED /* String+Extension.swift */; };
		7FA62B3D1DECA685009955ED /* Int+Extension.swift in Sources */ = {isa = PBXBuildFile; fileRef = 7FA62B3C1DECA685009955ED /* Int+Extension.swift */; };
		7FA62B3F1DECACA7009955ED /* AddGroceryListViewController.swift in Sources */ = {isa = PBXBuildFile; fileRef = 7FA62B3E1DECACA7009955ED /* AddGroceryListViewController.swift */; };
		7FEB32841DEB1675004F9FFA /* AppDelegate.swift in Sources */ = {isa = PBXBuildFile; fileRef = 7FEB32831DEB1675004F9FFA /* AppDelegate.swift */; };
		7FEB32861DEB1675004F9FFA /* AllGroceryListsViewController.swift in Sources */ = {isa = PBXBuildFile; fileRef = 7FEB32851DEB1675004F9FFA /* AllGroceryListsViewController.swift */; };
		7FEB32891DEB1675004F9FFA /* Main.storyboard in Resources */ = {isa = PBXBuildFile; fileRef = 7FEB32871DEB1675004F9FFA /* Main.storyboard */; };
		7FEB328C1DEB1675004F9FFA /* groceryList.xcdatamodeld in Sources */ = {isa = PBXBuildFile; fileRef = 7FEB328A1DEB1675004F9FFA /* groceryList.xcdatamodeld */; };
		7FEB328E1DEB1675004F9FFA /* Assets.xcassets in Resources */ = {isa = PBXBuildFile; fileRef = 7FEB328D1DEB1675004F9FFA /* Assets.xcassets */; };
		7FEB32911DEB1675004F9FFA /* LaunchScreen.storyboard in Resources */ = {isa = PBXBuildFile; fileRef = 7FEB328F1DEB1675004F9FFA /* LaunchScreen.storyboard */; };
		7FEB32B21DEB59BA004F9FFA /* Array+Extension.swift in Sources */ = {isa = PBXBuildFile; fileRef = 7FEB32B11DEB59BA004F9FFA /* Array+Extension.swift */; };
		7FEB32BC1DEB5A42004F9FFA /* UIViewController+Extension.swift in Sources */ = {isa = PBXBuildFile; fileRef = 7FEB32BB1DEB5A42004F9FFA /* UIViewController+Extension.swift */; };
		7FEB32C61DEB6381004F9FFA /* DataManager.swift in Sources */ = {isa = PBXBuildFile; fileRef = 7FEB32C51DEB6381004F9FFA /* DataManager.swift */; };
		7FEB32CB1DEB6471004F9FFA /* GroceryList+CoreDataClass.swift in Sources */ = {isa = PBXBuildFile; fileRef = 7FEB32C71DEB6471004F9FFA /* GroceryList+CoreDataClass.swift */; };
		7FEB32CC1DEB6471004F9FFA /* GroceryList+CoreDataProperties.swift in Sources */ = {isa = PBXBuildFile; fileRef = 7FEB32C81DEB6471004F9FFA /* GroceryList+CoreDataProperties.swift */; };
		7FEB32CD1DEB6471004F9FFA /* GroceryItem+CoreDataClass.swift in Sources */ = {isa = PBXBuildFile; fileRef = 7FEB32C91DEB6471004F9FFA /* GroceryItem+CoreDataClass.swift */; };
		7FEB32CE1DEB6471004F9FFA /* GroceryItem+CoreDataProperties.swift in Sources */ = {isa = PBXBuildFile; fileRef = 7FEB32CA1DEB6471004F9FFA /* GroceryItem+CoreDataProperties.swift */; };
/* End PBXBuildFile section */

/* Begin PBXFileReference section */
		7FA62B381DECA326009955ED /* String+Extension.swift */ = {isa = PBXFileReference; fileEncoding = 4; lastKnownFileType = sourcecode.swift; path = "String+Extension.swift"; sourceTree = "<group>"; };
		7FA62B3C1DECA685009955ED /* Int+Extension.swift */ = {isa = PBXFileReference; fileEncoding = 4; lastKnownFileType = sourcecode.swift; path = "Int+Extension.swift"; sourceTree = "<group>"; };
		7FA62B3E1DECACA7009955ED /* AddGroceryListViewController.swift */ = {isa = PBXFileReference; fileEncoding = 4; lastKnownFileType = sourcecode.swift; path = AddGroceryListViewController.swift; sourceTree = "<group>"; };
		7FEB32801DEB1675004F9FFA /* groceryList.app */ = {isa = PBXFileReference; explicitFileType = wrapper.application; includeInIndex = 0; path = groceryList.app; sourceTree = BUILT_PRODUCTS_DIR; };
		7FEB32831DEB1675004F9FFA /* AppDelegate.swift */ = {isa = PBXFileReference; lastKnownFileType = sourcecode.swift; path = AppDelegate.swift; sourceTree = "<group>"; };
		7FEB32851DEB1675004F9FFA /* AllGroceryListsViewController.swift */ = {isa = PBXFileReference; lastKnownFileType = sourcecode.swift; path = AllGroceryListsViewController.swift; sourceTree = "<group>"; };
		7FEB32881DEB1675004F9FFA /* Base */ = {isa = PBXFileReference; lastKnownFileType = file.storyboard; name = Base; path = Base.lproj/Main.storyboard; sourceTree = "<group>"; };
		7FEB328B1DEB1675004F9FFA /* groceryList.xcdatamodel */ = {isa = PBXFileReference; lastKnownFileType = wrapper.xcdatamodel; path = groceryList.xcdatamodel; sourceTree = "<group>"; };
		7FEB328D1DEB1675004F9FFA /* Assets.xcassets */ = {isa = PBXFileReference; lastKnownFileType = folder.assetcatalog; path = Assets.xcassets; sourceTree = "<group>"; };
		7FEB32901DEB1675004F9FFA /* Base */ = {isa = PBXFileReference; lastKnownFileType = file.storyboard; name = Base; path = Base.lproj/LaunchScreen.storyboard; sourceTree = "<group>"; };
		7FEB32921DEB1675004F9FFA /* Info.plist */ = {isa = PBXFileReference; lastKnownFileType = text.plist.xml; path = Info.plist; sourceTree = "<group>"; };
		7FEB32B11DEB59BA004F9FFA /* Array+Extension.swift */ = {isa = PBXFileReference; fileEncoding = 4; lastKnownFileType = sourcecode.swift; path = "Array+Extension.swift"; sourceTree = "<group>"; };
		7FEB32BB1DEB5A42004F9FFA /* UIViewController+Extension.swift */ = {isa = PBXFileReference; fileEncoding = 4; lastKnownFileType = sourcecode.swift; path = "UIViewController+Extension.swift"; sourceTree = "<group>"; };
		7FEB32C51DEB6381004F9FFA /* DataManager.swift */ = {isa = PBXFileReference; fileEncoding = 4; lastKnownFileType = sourcecode.swift; path = DataManager.swift; sourceTree = "<group>"; };
		7FEB32C71DEB6471004F9FFA /* GroceryList+CoreDataClass.swift */ = {isa = PBXFileReference; fileEncoding = 4; lastKnownFileType = sourcecode.swift; path = "GroceryList+CoreDataClass.swift"; sourceTree = "<group>"; };
		7FEB32C81DEB6471004F9FFA /* GroceryList+CoreDataProperties.swift */ = {isa = PBXFileReference; fileEncoding = 4; lastKnownFileType = sourcecode.swift; path = "GroceryList+CoreDataProperties.swift"; sourceTree = "<group>"; };
		7FEB32C91DEB6471004F9FFA /* GroceryItem+CoreDataClass.swift */ = {isa = PBXFileReference; fileEncoding = 4; lastKnownFileType = sourcecode.swift; path = "GroceryItem+CoreDataClass.swift"; sourceTree = "<group>"; };
		7FEB32CA1DEB6471004F9FFA /* GroceryItem+CoreDataProperties.swift */ = {isa = PBXFileReference; fileEncoding = 4; lastKnownFileType = sourcecode.swift; path = "GroceryItem+CoreDataProperties.swift"; sourceTree = "<group>"; };
/* End PBXFileReference section */

/* Begin PBXFrameworksBuildPhase section */
		7FEB327D1DEB1675004F9FFA /* Frameworks */ = {
			isa = PBXFrameworksBuildPhase;
			buildActionMask = 2147483647;
			files = (
			);
			runOnlyForDeploymentPostprocessing = 0;
		};
/* End PBXFrameworksBuildPhase section */

/* Begin PBXGroup section */
		7FEB32771DEB1675004F9FFA = {
			isa = PBXGroup;
			children = (
				7FEB32821DEB1675004F9FFA /* groceryList */,
				7FEB32811DEB1675004F9FFA /* Products */,
			);
			sourceTree = "<group>";
		};
		7FEB32811DEB1675004F9FFA /* Products */ = {
			isa = PBXGroup;
			children = (
				7FEB32801DEB1675004F9FFA /* groceryList.app */,
			);
			name = Products;
			sourceTree = "<group>";
		};
		7FEB32821DEB1675004F9FFA /* groceryList */ = {
			isa = PBXGroup;
			children = (
				7FEB32831DEB1675004F9FFA /* AppDelegate.swift */,
				7FEB32A71DEB1817004F9FFA /* Extensions */,
				7FEB32A21DEB17B5004F9FFA /* Data */,
				7FEB32A81DEB183B004F9FFA /* View Controllers */,
				7FEB32871DEB1675004F9FFA /* Main.storyboard */,
				7FEB328D1DEB1675004F9FFA /* Assets.xcassets */,
				7FEB328F1DEB1675004F9FFA /* LaunchScreen.storyboard */,
				7FEB32921DEB1675004F9FFA /* Info.plist */,
				7FEB328A1DEB1675004F9FFA /* groceryList.xcdatamodeld */,
			);
			path = groceryList;
			sourceTree = "<group>";
		};
		7FEB32A21DEB17B5004F9FFA /* Data */ = {
			isa = PBXGroup;
			children = (
				7FEB32C71DEB6471004F9FFA /* GroceryList+CoreDataClass.swift */,
				7FEB32C81DEB6471004F9FFA /* GroceryList+CoreDataProperties.swift */,
				7FEB32C91DEB6471004F9FFA /* GroceryItem+CoreDataClass.swift */,
				7FEB32CA1DEB6471004F9FFA /* GroceryItem+CoreDataProperties.swift */,
				7FEB32C51DEB6381004F9FFA /* DataManager.swift */,
			);
			name = Data;
			sourceTree = "<group>";
		};
		7FEB32A71DEB1817004F9FFA /* Extensions */ = {
			isa = PBXGroup;
			children = (
				7FEB32B11DEB59BA004F9FFA /* Array+Extension.swift */,
				7FEB32BB1DEB5A42004F9FFA /* UIViewController+Extension.swift */,
				7FA62B381DECA326009955ED /* String+Extension.swift */,
				7FA62B3C1DECA685009955ED /* Int+Extension.swift */,
			);
			name = Extensions;
			sourceTree = "<group>";
		};
		7FEB32A81DEB183B004F9FFA /* View Controllers */ = {
			isa = PBXGroup;
			children = (
				7FEB32851DEB1675004F9FFA /* AllGroceryListsViewController.swift */,
				7FA62B3E1DECACA7009955ED /* AddGroceryListViewController.swift */,
			);
			name = "View Controllers";
			sourceTree = "<group>";
		};
/* End PBXGroup section */

/* Begin PBXNativeTarget section */
		7FEB327F1DEB1675004F9FFA /* groceryList */ = {
			isa = PBXNativeTarget;
			buildConfigurationList = 7FEB32951DEB1675004F9FFA /* Build configuration list for PBXNativeTarget "groceryList" */;
			buildPhases = (
				7FEB327C1DEB1675004F9FFA /* Sources */,
				7FEB327D1DEB1675004F9FFA /* Frameworks */,
				7FEB327E1DEB1675004F9FFA /* Resources */,
			);
			buildRules = (
			);
			dependencies = (
			);
			name = groceryList;
			productName = groceryList;
			productReference = 7FEB32801DEB1675004F9FFA /* groceryList.app */;
			productType = "com.apple.product-type.application";
		};
/* End PBXNativeTarget section */

/* Begin PBXProject section */
		7FEB32781DEB1675004F9FFA /* Project object */ = {
			isa = PBXProject;
			attributes = {
				LastSwiftUpdateCheck = 0810;
				LastUpgradeCheck = 0810;
				ORGANIZATIONNAME = "Profit, Holden";
				TargetAttributes = {
					7FEB327F1DEB1675004F9FFA = {
						CreatedOnToolsVersion = 8.1;
						ProvisioningStyle = Automatic;
					};
				};
			};
			buildConfigurationList = 7FEB327B1DEB1675004F9FFA /* Build configuration list for PBXProject "groceryList" */;
			compatibilityVersion = "Xcode 3.2";
			developmentRegion = English;
			hasScannedForEncodings = 0;
			knownRegions = (
				en,
				Base,
			);
			mainGroup = 7FEB32771DEB1675004F9FFA;
			productRefGroup = 7FEB32811DEB1675004F9FFA /* Products */;
			projectDirPath = "";
			projectRoot = "";
			targets = (
				7FEB327F1DEB1675004F9FFA /* groceryList */,
			);
		};
/* End PBXProject section */

/* Begin PBXResourcesBuildPhase section */
		7FEB327E1DEB1675004F9FFA /* Resources */ = {
			isa = PBXResourcesBuildPhase;
			buildActionMask = 2147483647;
			files = (
				7FEB32911DEB1675004F9FFA /* LaunchScreen.storyboard in Resources */,
				7FEB328E1DEB1675004F9FFA /* Assets.xcassets in Resources */,
				7FEB32891DEB1675004F9FFA /* Main.storyboard in Resources */,
			);
			runOnlyForDeploymentPostprocessing = 0;
		};
/* End PBXResourcesBuildPhase section */

/* Begin PBXSourcesBuildPhase section */
		7FEB327C1DEB1675004F9FFA /* Sources */ = {
			isa = PBXSourcesBuildPhase;
			buildActionMask = 2147483647;
			files = (
				7FEB32C61DEB6381004F9FFA /* DataManager.swift in Sources */,
				7FA62B3F1DECACA7009955ED /* AddGroceryListViewController.swift in Sources */,
				7FA62B391DECA326009955ED /* String+Extension.swift in Sources */,
				7FEB32CC1DEB6471004F9FFA /* GroceryList+CoreDataProperties.swift in Sources */,
				7FEB32BC1DEB5A42004F9FFA /* UIViewController+Extension.swift in Sources */,
				7FEB32861DEB1675004F9FFA /* AllGroceryListsViewController.swift in Sources */,
				7FEB32CB1DEB6471004F9FFA /* GroceryList+CoreDataClass.swift in Sources */,
				7FEB32841DEB1675004F9FFA /* AppDelegate.swift in Sources */,
				7FEB328C1DEB1675004F9FFA /* groceryList.xcdatamodeld in Sources */,
				7FEB32CD1DEB6471004F9FFA /* GroceryItem+CoreDataClass.swift in Sources */,
				7FA62B3D1DECA685009955ED /* Int+Extension.swift in Sources */,
				7FEB32CE1DEB6471004F9FFA /* GroceryItem+CoreDataProperties.swift in Sources */,
				7FEB32B21DEB59BA004F9FFA /* Array+Extension.swift in Sources */,
			);
			runOnlyForDeploymentPostprocessing = 0;
		};
/* End PBXSourcesBuildPhase section */

/* Begin PBXVariantGroup section */
		7FEB32871DEB1675004F9FFA /* Main.storyboard */ = {
			isa = PBXVariantGroup;
			children = (
				7FEB32881DEB1675004F9FFA /* Base */,
			);
			name = Main.storyboard;
			sourceTree = "<group>";
		};
		7FEB328F1DEB1675004F9FFA /* LaunchScreen.storyboard */ = {
			isa = PBXVariantGroup;
			children = (
				7FEB32901DEB1675004F9FFA /* Base */,
			);
			name = LaunchScreen.storyboard;
			sourceTree = "<group>";
		};
/* End PBXVariantGroup section */

/* Begin XCBuildConfiguration section */
		7FEB32931DEB1675004F9FFA /* Debug */ = {
			isa = XCBuildConfiguration;
			buildSettings = {
				ALWAYS_SEARCH_USER_PATHS = NO;
				CLANG_ANALYZER_NONNULL = YES;
				CLANG_CXX_LANGUAGE_STANDARD = "gnu++0x";
				CLANG_CXX_LIBRARY = "libc++";
				CLANG_ENABLE_MODULES = YES;
				CLANG_ENABLE_OBJC_ARC = YES;
				CLANG_WARN_BOOL_CONVERSION = YES;
				CLANG_WARN_CONSTANT_CONVERSION = YES;
				CLANG_WARN_DIRECT_OBJC_ISA_USAGE = YES_ERROR;
				CLANG_WARN_DOCUMENTATION_COMMENTS = YES;
				CLANG_WARN_EMPTY_BODY = YES;
				CLANG_WARN_ENUM_CONVERSION = YES;
				CLANG_WARN_INFINITE_RECURSION = YES;
				CLANG_WARN_INT_CONVERSION = YES;
				CLANG_WARN_OBJC_ROOT_CLASS = YES_ERROR;
				CLANG_WARN_SUSPICIOUS_MOVES = YES;
				CLANG_WARN_UNREACHABLE_CODE = YES;
				CLANG_WARN__DUPLICATE_METHOD_MATCH = YES;
				"CODE_SIGN_IDENTITY[sdk=iphoneos*]" = "iPhone Developer";
				COPY_PHASE_STRIP = NO;
				DEBUG_INFORMATION_FORMAT = dwarf;
				ENABLE_STRICT_OBJC_MSGSEND = YES;
				ENABLE_TESTABILITY = YES;
				GCC_C_LANGUAGE_STANDARD = gnu99;
				GCC_DYNAMIC_NO_PIC = NO;
				GCC_NO_COMMON_BLOCKS = YES;
				GCC_OPTIMIZATION_LEVEL = 0;
				GCC_PREPROCESSOR_DEFINITIONS = (
					"DEBUG=1",
					"$(inherited)",
				);
				GCC_WARN_64_TO_32_BIT_CONVERSION = YES;
				GCC_WARN_ABOUT_RETURN_TYPE = YES_ERROR;
				GCC_WARN_UNDECLARED_SELECTOR = YES;
				GCC_WARN_UNINITIALIZED_AUTOS = YES_AGGRESSIVE;
				GCC_WARN_UNUSED_FUNCTION = YES;
				GCC_WARN_UNUSED_VARIABLE = YES;
				IPHONEOS_DEPLOYMENT_TARGET = 10.1;
				MTL_ENABLE_DEBUG_INFO = YES;
				ONLY_ACTIVE_ARCH = YES;
				SDKROOT = iphoneos;
				SWIFT_ACTIVE_COMPILATION_CONDITIONS = DEBUG;
				SWIFT_OPTIMIZATION_LEVEL = "-Onone";
				TARGETED_DEVICE_FAMILY = "1,2";
			};
			name = Debug;
		};
		7FEB32941DEB1675004F9FFA /* Release */ = {
			isa = XCBuildConfiguration;
			buildSettings = {
				ALWAYS_SEARCH_USER_PATHS = NO;
				CLANG_ANALYZER_NONNULL = YES;
				CLANG_CXX_LANGUAGE_STANDARD = "gnu++0x";
				CLANG_CXX_LIBRARY = "libc++";
				CLANG_ENABLE_MODULES = YES;
				CLANG_ENABLE_OBJC_ARC = YES;
				CLANG_WARN_BOOL_CONVERSION = YES;
				CLANG_WARN_CONSTANT_CONVERSION = YES;
				CLANG_WARN_DIRECT_OBJC_ISA_USAGE = YES_ERROR;
				CLANG_WARN_DOCUMENTATION_COMMENTS = YES;
				CLANG_WARN_EMPTY_BODY = YES;
				CLANG_WARN_ENUM_CONVERSION = YES;
				CLANG_WARN_INFINITE_RECURSION = YES;
				CLANG_WARN_INT_CONVERSION = YES;
				CLANG_WARN_OBJC_ROOT_CLASS = YES_ERROR;
				CLANG_WARN_SUSPICIOUS_MOVES = YES;
				CLANG_WARN_UNREACHABLE_CODE = YES;
				CLANG_WARN__DUPLICATE_METHOD_MATCH = YES;
				"CODE_SIGN_IDENTITY[sdk=iphoneos*]" = "iPhone Developer";
				COPY_PHASE_STRIP = NO;
				DEBUG_INFORMATION_FORMAT = "dwarf-with-dsym";
				ENABLE_NS_ASSERTIONS = NO;
				ENABLE_STRICT_OBJC_MSGSEND = YES;
				GCC_C_LANGUAGE_STANDARD = gnu99;
				GCC_NO_COMMON_BLOCKS = YES;
				GCC_WARN_64_TO_32_BIT_CONVERSION = YES;
				GCC_WARN_ABOUT_RETURN_TYPE = YES_ERROR;
				GCC_WARN_UNDECLARED_SELECTOR = YES;
				GCC_WARN_UNINITIALIZED_AUTOS = YES_AGGRESSIVE;
				GCC_WARN_UNUSED_FUNCTION = YES;
				GCC_WARN_UNUSED_VARIABLE = YES;
				IPHONEOS_DEPLOYMENT_TARGET = 10.1;
				MTL_ENABLE_DEBUG_INFO = NO;
				SDKROOT = iphoneos;
				SWIFT_OPTIMIZATION_LEVEL = "-Owholemodule";
				TARGETED_DEVICE_FAMILY = "1,2";
				VALIDATE_PRODUCT = YES;
			};
			name = Release;
		};
		7FEB32961DEB1675004F9FFA /* Debug */ = {
			isa = XCBuildConfiguration;
			buildSettings = {
				ASSETCATALOG_COMPILER_APPICON_NAME = AppIcon;
				INFOPLIST_FILE = groceryList/Info.plist;
				LD_RUNPATH_SEARCH_PATHS = "$(inherited) @executable_path/Frameworks";
				PRODUCT_BUNDLE_IDENTIFIER = lfi.groceryList;
				PRODUCT_NAME = "$(TARGET_NAME)";
				SWIFT_VERSION = 3.0;
			};
			name = Debug;
		};
		7FEB32971DEB1675004F9FFA /* Release */ = {
			isa = XCBuildConfiguration;
			buildSettings = {
				ASSETCATALOG_COMPILER_APPICON_NAME = AppIcon;
				INFOPLIST_FILE = groceryList/Info.plist;
				LD_RUNPATH_SEARCH_PATHS = "$(inherited) @executable_path/Frameworks";
				PRODUCT_BUNDLE_IDENTIFIER = lfi.groceryList;
				PRODUCT_NAME = "$(TARGET_NAME)";
				SWIFT_VERSION = 3.0;
			};
			name = Release;
		};
/* End XCBuildConfiguration section */

/* Begin XCConfigurationList section */
		7FEB327B1DEB1675004F9FFA /* Build configuration list for PBXProject "groceryList" */ = {
			isa = XCConfigurationList;
			buildConfigurations = (
				7FEB32931DEB1675004F9FFA /* Debug */,
				7FEB32941DEB1675004F9FFA /* Release */,
			);
			defaultConfigurationIsVisible = 0;
			defaultConfigurationName = Release;
		};
		7FEB32951DEB1675004F9FFA /* Build configuration list for PBXNativeTarget "groceryList" */ = {
			isa = XCConfigurationList;
			buildConfigurations = (
				7FEB32961DEB1675004F9FFA /* Debug */,
				7FEB32971DEB1675004F9FFA /* Release */,
			);
			defaultConfigurationIsVisible = 0;
			defaultConfigurationName = Release;
		};
/* End XCConfigurationList section */

/* Begin XCVersionGroup section */
		7FEB328A1DEB1675004F9FFA /* groceryList.xcdatamodeld */ = {
			isa = XCVersionGroup;
			children = (
				7FEB328B1DEB1675004F9FFA /* groceryList.xcdatamodel */,
			);
			currentVersion = 7FEB328B1DEB1675004F9FFA /* groceryList.xcdatamodel */;
			path = groceryList.xcdatamodeld;
			sourceTree = "<group>";
			versionGroupType = wrapper.xcdatamodel;
		};
/* End XCVersionGroup section */
	};
	rootObject = 7FEB32781DEB1675004F9FFA /* Project object */;
}
